{
  "name": "begin-app-get-index",
  "requires": true,
  "lockfileVersion": 1,
  "dependencies": {
    "@architect/functions": {
      "version": "3.4.10",
      "resolved": "https://registry.npmjs.org/@architect/functions/-/functions-3.4.10.tgz",
      "integrity": "sha512-8pYTZihYxEilIE9dvtor7+n4pgAgEh7NchX6ySrGbLFkS2k6W7b1HJQJ9fLHuARi263sARVaJ63eXd5G7WS6Dw==",
      "requires": {
        "@architect/parser": "^1.2.2",
        "cookie": "^0.4.0",
        "cookie-signature": "^1.1.0",
        "csrf": "^3.1.0",
        "mime-types": "^2.1.25",
        "node-webtokens": "^1.0.3",
        "run-parallel": "^1.1.9",
        "run-waterfall": "^1.1.6",
        "uid-safe": "^2.1.5"
      }
    },
    "@architect/parser": {
      "version": "1.2.2",
      "resolved": "https://registry.npmjs.org/@architect/parser/-/parser-1.2.2.tgz",
      "integrity": "sha512-z8M+bJCJLWpY/iNoXPPqsOlqF8zMgbmk3CLHIChSa3nnUlvx36a2bmTuh/+CiU/q4Ew7d6dHqpQB4SHtKt/A/w=="
    },
    "@begin/data": {
      "version": "1.1.4",
      "resolved": "https://registry.npmjs.org/@begin/data/-/data-1.1.4.tgz",
      "integrity": "sha512-srUt6HFxancYgdZiolm7YIl3Hw7DqxxKHScFAb+eKQib5DxH70kXp2qtR/kPVtC4uZHWvPu7auCtIphzqqqUsg==",
      "requires": {
        "@architect/parser": "^1.2.0",
        "hashids": "^1.2.2",
        "run-parallel": "^1.1.9",
        "run-waterfall": "^1.1.6"
      }
    },
    "cookie": {
      "version": "0.4.0",
      "resolved": "https://registry.npmjs.org/cookie/-/cookie-0.4.0.tgz",
      "integrity": "sha512-+Hp8fLp57wnUSt0tY0tHEXh4voZRDnoIrZPqlo3DPiI4y9lwg/jqx+1Om94/W6ZaPDOUbnjOt/99w66zk+l1Xg=="
    },
    "cookie-signature": {
      "version": "1.1.0",
      "resolved": "https://registry.npmjs.org/cookie-signature/-/cookie-signature-1.1.0.tgz",
      "integrity": "sha512-Alvs19Vgq07eunykd3Xy2jF0/qSNv2u7KDbAek9H5liV1UMijbqFs5cycZvv5dVsvseT/U4H8/7/w8Koh35C4A=="
    },
    "csrf": {
      "version": "3.1.0",
      "resolved": "https://registry.npmjs.org/csrf/-/csrf-3.1.0.tgz",
      "integrity": "sha512-uTqEnCvWRk042asU6JtapDTcJeeailFy4ydOQS28bj1hcLnYRiqi8SsD2jS412AY1I/4qdOwWZun774iqywf9w==",
      "requires": {
        "rndm": "1.2.0",
        "tsscmp": "1.0.6",
        "uid-safe": "2.1.5"
      }
    },
    "hashids": {
      "version": "1.2.2",
      "resolved": "https://registry.npmjs.org/hashids/-/hashids-1.2.2.tgz",
      "integrity": "sha512-dEHCG2LraR6PNvSGxosZHIRgxF5sNLOIBFEHbj8lfP9WWmu/PWPMzsip1drdVSOFi51N2pU7gZavrgn7sbGFuw=="
    },
    "mime-db": {
      "version": "1.42.0",
      "resolved": "https://registry.npmjs.org/mime-db/-/mime-db-1.42.0.tgz",
      "integrity": "sha512-UbfJCR4UAVRNgMpfImz05smAXK7+c+ZntjaA26ANtkXLlOe947Aag5zdIcKQULAiF9Cq4WxBi9jUs5zkA84bYQ=="
    },
    "mime-types": {
      "version": "2.1.25",
      "resolved": "https://registry.npmjs.org/mime-types/-/mime-types-2.1.25.tgz",
      "integrity": "sha512-5KhStqB5xpTAeGqKBAMgwaYMnQik7teQN4IAzC7npDv6kzeU6prfkR67bc87J1kWMPGkoaZSq1npmexMgkmEVg==",
      "requires": {
        "mime-db": "1.42.0"
      }
    },
    "node-webtokens": {
      "version": "1.0.3",
      "resolved": "https://registry.npmjs.org/node-webtokens/-/node-webtokens-1.0.3.tgz",
      "integrity": "sha512-koyo7/sqKOXyl+nfV0sNojLSgMC//VsuQXBSRZ+Whe0aYonBSQ2F/+HVSlVashJOXHYNru/4gk6eXebeYmqoUw=="
    },
    "random-bytes": {
      "version": "1.0.0",
      "resolved": "https://registry.npmjs.org/random-bytes/-/random-bytes-1.0.0.tgz",
      "integrity": "sha1-T2ih3Arli9P7lYSMMDJNt11kNgs="
    },
    "rndm": {
      "version": "1.2.0",
      "resolved": "https://registry.npmjs.org/rndm/-/rndm-1.2.0.tgz",
      "integrity": "sha1-8z/pz7Urv9UgqhgyO8ZdsRCht2w="
    },
    "run-parallel": {
      "version": "1.1.9",
      "resolved": "https://registry.npmjs.org/run-parallel/-/run-parallel-1.1.9.tgz",
      "integrity": "sha512-DEqnSRTDw/Tc3FXf49zedI638Z9onwUotBMiUFKmrO2sdFKIbXamXGQ3Axd4qgphxKB4kw/qP1w5kTxnfU1B9Q=="
    },
    "run-waterfall": {
      "version": "1.1.6",
      "resolved": "https://registry.npmjs.org/run-waterfall/-/run-waterfall-1.1.6.tgz",
      "integrity": "sha512-dApPbpIK0hbFi2zqfJxrsnfmJW2HCQHFrSsmqF3Fp9TKm5WVf++zE6BSw0hPcA7rPapO37h12Swk2E6Va3tF7Q=="
    },
    "tsscmp": {
      "version": "1.0.6",
      "resolved": "https://registry.npmjs.org/tsscmp/-/tsscmp-1.0.6.tgz",
      "integrity": "sha512-LxhtAkPDTkVCMQjt2h6eBVY28KCjikZqZfMcC15YBeNjkgUpdCfBu5HoiOTDu86v6smE8yOjyEktJ8hlbANHQA=="
    },
    "uid-safe": {
      "version": "2.1.5",
      "resolved": "https://registry.npmjs.org/uid-safe/-/uid-safe-2.1.5.tgz",
      "integrity": "sha512-KPHm4VL5dDXKz01UuEd88Df+KzynaohSL9fBh096KWAxSKZQDI2uBrVqtvRM4rwrIrRRKsdLNML/lnaaVSRioA==",
      "requires": {
        "random-bytes": "~1.0.0"
      }
    }
  }
}